
Microsoft Visual Studio Solution File, Format Version 12.00
# Visual Studio Version 17
VisualStudioVersion = 17.11.35303.130
MinimumVisualStudioVersion = 10.0.40219.1
Project("{FAE04EC0-301F-11D3-BF4B-00C04F79EFBC}") = "Ejercicio3", "Ejercicio3.csproj", "{3ACA0AC2-14F6-4CD3-8965-DFC71CAC2311}"
EndProject
Project("{FAE04EC0-301F-11D3-BF4B-00C04F79EFBC}") = "ClassLibrary1", "..\ClassLibrary1\ClassLibrary1.csproj", "{85DBC223-1586-4E6F-ADCA-DC8433DB26FB}"
EndProject
Global
	GlobalSection(SolutionConfigurationPlatforms) = preSolution
		Debug|Any CPU = Debug|Any CPU
		Release|Any CPU = Release|Any CPU
	EndGlobalSection
	GlobalSection(ProjectConfigurationPlatforms) = postSolution
		{3ACA0AC2-14F6-4CD3-8965-DFC71CAC2311}.Debug|Any CPU.ActiveCfg = Debug|Any CPU
		{3ACA0AC2-14F6-4CD3-8965-DFC71CAC2311}.Debug|Any CPU.Build.0 = Debug|Any CPU
		{3ACA0AC2-14F6-4CD3-8965-DFC71CAC2311}.Release|Any CPU.ActiveCfg = Release|Any CPU
		{3ACA0AC2-14F6-4CD3-8965-DFC71CAC2311}.Release|Any CPU.Build.0 = Release|Any CPU
		{85DBC223-1586-4E6F-ADCA-DC8433DB26FB}.Debug|Any CPU.ActiveCfg = Debug|Any CPU
		{85DBC223-1586-4E6F-ADCA-DC8433DB26FB}.Debug|Any CPU.Build.0 = Debug|Any CPU
		{85DBC223-1586-4E6F-ADCA-DC8433DB26FB}.Release|Any CPU.ActiveCfg = Release|Any CPU
		{85DBC223-1586-4E6F-ADCA-DC8433DB26FB}.Release|Any CPU.Build.0 = Release|Any CPU
	EndGlobalSection
	GlobalSection(SolutionProperties) = preSolution
		HideSolutionNode = FALSE
	EndGlobalSection
	GlobalSection(ExtensibilityGlobals) = postSolution
		SolutionGuid = {CD63FCF9-8FA1-46BD-BCB5-11CD7E41EBAA}
	EndGlobalSection
EndGlobal
